// !$*UTF8*$!
{
	archiveVersion = 1;
	classes = {
	};
	objectVersion = 46;
	objects = {

/* Begin PBXBuildFile section */
		175CDC4A1AF9EBA200905A8C /* 4.png in Resources */ = {isa = PBXBuildFile; fileRef = 175CDC491AF9EBA200905A8C /* 4.png */; };
		175CDC4F1AFA609900905A8C /* fbOff.png in Resources */ = {isa = PBXBuildFile; fileRef = 175CDC4B1AFA609900905A8C /* fbOff.png */; };
		175CDC501AFA609900905A8C /* fbOff@2x.png in Resources */ = {isa = PBXBuildFile; fileRef = 175CDC4C1AFA609900905A8C /* fbOff@2x.png */; };
		175CDC511AFA609900905A8C /* fbOn.png in Resources */ = {isa = PBXBuildFile; fileRef = 175CDC4D1AFA609900905A8C /* fbOn.png */; };
		175CDC521AFA609900905A8C /* fbOn@2x.png in Resources */ = {isa = PBXBuildFile; fileRef = 175CDC4E1AFA609900905A8C /* fbOn@2x.png */; };
		175CDC571AFA622E00905A8C /* twOff.png in Resources */ = {isa = PBXBuildFile; fileRef = 175CDC531AFA622E00905A8C /* twOff.png */; };
		175CDC581AFA622E00905A8C /* twOff@2x.png in Resources */ = {isa = PBXBuildFile; fileRef = 175CDC541AFA622E00905A8C /* twOff@2x.png */; };
		175CDC591AFA622E00905A8C /* twOn.png in Resources */ = {isa = PBXBuildFile; fileRef = 175CDC551AFA622E00905A8C /* twOn.png */; };
		175CDC5A1AFA622E00905A8C /* twOn@2x.png in Resources */ = {isa = PBXBuildFile; fileRef = 175CDC561AFA622E00905A8C /* twOn@2x.png */; };
		175CDC5E1AFA695300905A8C /* 5.png in Resources */ = {isa = PBXBuildFile; fileRef = 175CDC5D1AFA695300905A8C /* 5.png */; };
		175CDCA81B0100DD00905A8C /* 1339033610a09f5958510ffdd145bac36131f5e86e.jpg in Resources */ = {isa = PBXBuildFile; fileRef = 175CDCA71B0100DD00905A8C /* 1339033610a09f5958510ffdd145bac36131f5e86e.jpg */; };
		175CDCAA1B01010200905A8C /* Screen Shot 2015-05-12 at 12.22.17 AM.png in Resources */ = {isa = PBXBuildFile; fileRef = 175CDCA91B01010200905A8C /* Screen Shot 2015-05-12 at 12.22.17 AM.png */; };
		9273EE9A1AD92DE300D8540B /* AppDelegate.swift in Sources */ = {isa = PBXBuildFile; fileRef = 9273EE991AD92DE300D8540B /* AppDelegate.swift */; };
		9273EE9C1AD92DE300D8540B /* ViewController.swift in Sources */ = {isa = PBXBuildFile; fileRef = 9273EE9B1AD92DE300D8540B /* ViewController.swift */; };
		9273EE9F1AD92DE300D8540B /* Main.storyboard in Resources */ = {isa = PBXBuildFile; fileRef = 9273EE9D1AD92DE300D8540B /* Main.storyboard */; };
		9273EEA11AD92DE300D8540B /* Images.xcassets in Resources */ = {isa = PBXBuildFile; fileRef = 9273EEA01AD92DE300D8540B /* Images.xcassets */; };
		9273EEA41AD92DE300D8540B /* LaunchScreen.xib in Resources */ = {isa = PBXBuildFile; fileRef = 9273EEA21AD92DE300D8540B /* LaunchScreen.xib */; };
		9273EEBA1AD9362800D8540B /* 3.png in Resources */ = {isa = PBXBuildFile; fileRef = 9273EEB91AD9362800D8540B /* 3.png */; };
		9273EEBD1AD9363400D8540B /* 2.png in Resources */ = {isa = PBXBuildFile; fileRef = 9273EEBB1AD9363400D8540B /* 2.png */; };
		9273EEBE1AD9363400D8540B /* 1.png in Resources */ = {isa = PBXBuildFile; fileRef = 9273EEBC1AD9363400D8540B /* 1.png */; };
		9273EEC01AD9364300D8540B /* 0.png in Resources */ = {isa = PBXBuildFile; fileRef = 9273EEBF1AD9364300D8540B /* 0.png */; };
		9273EEC21AD9415B00D8540B /* change.mp3 in Resources */ = {isa = PBXBuildFile; fileRef = 9273EEC11AD9415B00D8540B /* change.mp3 */; };
		9273EEC41AD9419400D8540B /* SEManager.swift in Sources */ = {isa = PBXBuildFile; fileRef = 9273EEC31AD9419400D8540B /* SEManager.swift */; };
		9273EEC61AD9427D00D8540B /* talk.mp3 in Resources */ = {isa = PBXBuildFile; fileRef = 9273EEC51AD9427D00D8540B /* talk.mp3 */; };
/* End PBXBuildFile section */

/* Begin PBXFileReference section */
		175CDC491AF9EBA200905A8C /* 4.png */ = {isa = PBXFileReference; lastKnownFileType = image.png; path = 4.png; sourceTree = "<group>"; };
		175CDC4B1AFA609900905A8C /* fbOff.png */ = {isa = PBXFileReference; lastKnownFileType = image.png; path = fbOff.png; sourceTree = "<group>"; };
		175CDC4C1AFA609900905A8C /* fbOff@2x.png */ = {isa = PBXFileReference; lastKnownFileType = image.png; path = "fbOff@2x.png"; sourceTree = "<group>"; };
		175CDC4D1AFA609900905A8C /* fbOn.png */ = {isa = PBXFileReference; lastKnownFileType = image.png; path = fbOn.png; sourceTree = "<group>"; };
		175CDC4E1AFA609900905A8C /* fbOn@2x.png */ = {isa = PBXFileReference; lastKnownFileType = image.png; path = "fbOn@2x.png"; sourceTree = "<group>"; };
		175CDC531AFA622E00905A8C /* twOff.png */ = {isa = PBXFileReference; lastKnownFileType = image.png; path = twOff.png; sourceTree = "<group>"; };
		175CDC541AFA622E00905A8C /* twOff@2x.png */ = {isa = PBXFileReference; lastKnownFileType = image.png; path = "twOff@2x.png"; sourceTree = "<group>"; };
		175CDC551AFA622E00905A8C /* twOn.png */ = {isa = PBXFileReference; lastKnownFileType = image.png; path = twOn.png; sourceTree = "<group>"; };
		175CDC561AFA622E00905A8C /* twOn@2x.png */ = {isa = PBXFileReference; lastKnownFileType = image.png; path = "twOn@2x.png"; sourceTree = "<group>"; };
		175CDC5D1AFA695300905A8C /* 5.png */ = {isa = PBXFileReference; lastKnownFileType = image.png; path = 5.png; sourceTree = "<group>"; };
		175CDCA71B0100DD00905A8C /* 1339033610a09f5958510ffdd145bac36131f5e86e.jpg */ = {isa = PBXFileReference; lastKnownFileType = image.jpeg; name = 1339033610a09f5958510ffdd145bac36131f5e86e.jpg; path = ../../Desktop/1339033610a09f5958510ffdd145bac36131f5e86e.jpg; sourceTree = "<group>"; };
		175CDCA91B01010200905A8C /* Screen Shot 2015-05-12 at 12.22.17 AM.png */ = {isa = PBXFileReference; lastKnownFileType = image.png; name = "Screen Shot 2015-05-12 at 12.22.17 AM.png"; path = "../../Desktop/Screen Shot 2015-05-12 at 12.22.17 AM.png"; sourceTree = "<group>"; };
		9273EE941AD92DE300D8540B /* BirdGrowth.app */ = {isa = PBXFileReference; explicitFileType = wrapper.application; includeInIndex = 0; path = BirdGrowth.app; sourceTree = BUILT_PRODUCTS_DIR; };
		9273EE981AD92DE300D8540B /* Info.plist */ = {isa = PBXFileReference; lastKnownFileType = text.plist.xml; path = Info.plist; sourceTree = "<group>"; };
		9273EE991AD92DE300D8540B /* AppDelegate.swift */ = {isa = PBXFileReference; lastKnownFileType = sourcecode.swift; path = AppDelegate.swift; sourceTree = "<group>"; };
		9273EE9B1AD92DE300D8540B /* ViewController.swift */ = {isa = PBXFileReference; lastKnownFileType = sourcecode.swift; path = ViewController.swift; sourceTree = "<group>"; };
		9273EE9E1AD92DE300D8540B /* Base */ = {isa = PBXFileReference; lastKnownFileType = file.storyboard; name = Base; path = Base.lproj/Main.storyboard; sourceTree = "<group>"; };
		9273EEA01AD92DE300D8540B /* Images.xcassets */ = {isa = PBXFileReference; lastKnownFileType = folder.assetcatalog; path = Images.xcassets; sourceTree = "<group>"; };
		9273EEA31AD92DE300D8540B /* Base */ = {isa = PBXFileReference; lastKnownFileType = file.xib; name = Base; path = Base.lproj/LaunchScreen.xib; sourceTree = "<group>"; };
		9273EEAE1AD92DE300D8540B /* Info.plist */ = {isa = PBXFileReference; lastKnownFileType = text.plist.xml; path = Info.plist; sourceTree = "<group>"; };
		9273EEAF1AD92DE300D8540B /* BirdGrowthTests.swift */ = {isa = PBXFileReference; lastKnownFileType = sourcecode.swift; path = BirdGrowthTests.swift; sourceTree = "<group>"; };
		9273EEB91AD9362800D8540B /* 3.png */ = {isa = PBXFileReference; lastKnownFileType = image.png; path = 3.png; sourceTree = "<group>"; };
		9273EEBB1AD9363400D8540B /* 2.png */ = {isa = PBXFileReference; lastKnownFileType = image.png; path = 2.png; sourceTree = "<group>"; };
		9273EEBC1AD9363400D8540B /* 1.png */ = {isa = PBXFileReference; lastKnownFileType = image.png; path = 1.png; sourceTree = "<group>"; };
		9273EEBF1AD9364300D8540B /* 0.png */ = {isa = PBXFileReference; lastKnownFileType = image.png; path = 0.png; sourceTree = "<group>"; };
		9273EEC11AD9415B00D8540B /* change.mp3 */ = {isa = PBXFileReference; lastKnownFileType = audio.mp3; path = change.mp3; sourceTree = "<group>"; };
		9273EEC31AD9419400D8540B /* SEManager.swift */ = {isa = PBXFileReference; fileEncoding = 4; lastKnownFileType = sourcecode.swift; path = SEManager.swift; sourceTree = "<group>"; };
		9273EEC51AD9427D00D8540B /* talk.mp3 */ = {isa = PBXFileReference; lastKnownFileType = audio.mp3; path = talk.mp3; sourceTree = "<group>"; };
/* End PBXFileReference section */

/* Begin PBXFrameworksBuildPhase section */
		9273EE911AD92DE300D8540B /* Frameworks */ = {
			isa = PBXFrameworksBuildPhase;
			buildActionMask = 2147483647;
			files = (
			);
			runOnlyForDeploymentPostprocessing = 0;
		};
/* End PBXFrameworksBuildPhase section */

/* Begin PBXGroup section */
		9273EE8B1AD92DE300D8540B = {
			isa = PBXGroup;
			children = (
				9273EEBF1AD9364300D8540B /* 0.png */,
				9273EEBC1AD9363400D8540B /* 1.png */,
				9273EEBB1AD9363400D8540B /* 2.png */,
				175CDCA91B01010200905A8C /* Screen Shot 2015-05-12 at 12.22.17 AM.png */,
				175CDCA71B0100DD00905A8C /* 1339033610a09f5958510ffdd145bac36131f5e86e.jpg */,
				175CDC491AF9EBA200905A8C /* 4.png */,
				9273EEB91AD9362800D8540B /* 3.png */,
				175CDC4B1AFA609900905A8C /* fbOff.png */,
				175CDC4D1AFA609900905A8C /* fbOn.png */,
				175CDC5D1AFA695300905A8C /* 5.png */,
				175CDC4C1AFA609900905A8C /* fbOff@2x.png */,
				175CDC531AFA622E00905A8C /* twOff.png */,
				175CDC541AFA622E00905A8C /* twOff@2x.png */,
				175CDC551AFA622E00905A8C /* twOn.png */,
				175CDC561AFA622E00905A8C /* twOn@2x.png */,
				175CDC4E1AFA609900905A8C /* fbOn@2x.png */,
				9273EEC11AD9415B00D8540B /* change.mp3 */,
				9273EEC51AD9427D00D8540B /* talk.mp3 */,
				9273EEC31AD9419400D8540B /* SEManager.swift */,
				9273EE961AD92DE300D8540B /* BrushTooth */,
				9273EEAC1AD92DE300D8540B /* BrushToothTests */,
				9273EE951AD92DE300D8540B /* Products */,
			);
			sourceTree = "<group>";
		};
		9273EE951AD92DE300D8540B /* Products */ = {
			isa = PBXGroup;
			children = (
				9273EE941AD92DE300D8540B /* BirdGrowth.app */,
			);
			name = Products;
			sourceTree = "<group>";
		};
		9273EE961AD92DE300D8540B /* BrushTooth */ = {
			isa = PBXGroup;
			children = (
				9273EE991AD92DE300D8540B /* AppDelegate.swift */,
				9273EE9B1AD92DE300D8540B /* ViewController.swift */,
				9273EE9D1AD92DE300D8540B /* Main.storyboard */,
				9273EEA01AD92DE300D8540B /* Images.xcassets */,
				9273EEA21AD92DE300D8540B /* LaunchScreen.xib */,
				9273EE971AD92DE300D8540B /* Supporting Files */,
			);
			name = BrushTooth;
			path = BirdGrowth;
			sourceTree = "<group>";
		};
		9273EE971AD92DE300D8540B /* Supporting Files */ = {
			isa = PBXGroup;
			children = (
				9273EE981AD92DE300D8540B /* Info.plist */,
			);
			name = "Supporting Files";
			sourceTree = "<group>";
		};
		9273EEAC1AD92DE300D8540B /* BrushToothTests */ = {
			isa = PBXGroup;
			children = (
				9273EEAF1AD92DE300D8540B /* BirdGrowthTests.swift */,
				9273EEAD1AD92DE300D8540B /* Supporting Files */,
			);
			name = BrushToothTests;
			path = BirdGrowthTests;
			sourceTree = "<group>";
		};
		9273EEAD1AD92DE300D8540B /* Supporting Files */ = {
			isa = PBXGroup;
			children = (
				9273EEAE1AD92DE300D8540B /* Info.plist */,
			);
			name = "Supporting Files";
			sourceTree = "<group>";
		};
/* End PBXGroup section */

/* Begin PBXNativeTarget section */
		9273EE931AD92DE300D8540B /* BirdGrowth */ = {
			isa = PBXNativeTarget;
			buildConfigurationList = 9273EEB31AD92DE300D8540B /* Build configuration list for PBXNativeTarget "BirdGrowth" */;
			buildPhases = (
				9273EE901AD92DE300D8540B /* Sources */,
				9273EE911AD92DE300D8540B /* Frameworks */,
				9273EE921AD92DE300D8540B /* Resources */,
			);
			buildRules = (
			);
			dependencies = (
			);
			name = BirdGrowth;
			productName = BirdGrowth;
			productReference = 9273EE941AD92DE300D8540B /* BirdGrowth.app */;
			productType = "com.apple.product-type.application";
		};
/* End PBXNativeTarget section */

/* Begin PBXProject section */
		9273EE8C1AD92DE300D8540B /* Project object */ = {
			isa = PBXProject;
			attributes = {
				LastUpgradeCheck = 0630;
				ORGANIZATIONNAME = "Yukinaga Azuma";
				TargetAttributes = {
					9273EE931AD92DE300D8540B = {
						CreatedOnToolsVersion = 6.3;
					};
				};
			};
			buildConfigurationList = 9273EE8F1AD92DE300D8540B /* Build configuration list for PBXProject "BirdGrowth" */;
			compatibilityVersion = "Xcode 3.2";
			developmentRegion = English;
			hasScannedForEncodings = 0;
			knownRegions = (
				en,
				Base,
			);
			mainGroup = 9273EE8B1AD92DE300D8540B;
			productRefGroup = 9273EE951AD92DE300D8540B /* Products */;
			projectDirPath = "";
			projectRoot = "";
			targets = (
				9273EE931AD92DE300D8540B /* BirdGrowth */,
			);
		};
/* End PBXProject section */

/* Begin PBXResourcesBuildPhase section */
		9273EE921AD92DE300D8540B /* Resources */ = {
			isa = PBXResourcesBuildPhase;
			buildActionMask = 2147483647;
			files = (
				175CDCA81B0100DD00905A8C /* 1339033610a09f5958510ffdd145bac36131f5e86e.jpg in Resources */,
				9273EEBD1AD9363400D8540B /* 2.png in Resources */,
				175CDC521AFA609900905A8C /* fbOn@2x.png in Resources */,
				175CDC5E1AFA695300905A8C /* 5.png in Resources */,
				175CDC571AFA622E00905A8C /* twOff.png in Resources */,
				9273EEBA1AD9362800D8540B /* 3.png in Resources */,
				175CDC5A1AFA622E00905A8C /* twOn@2x.png in Resources */,
				175CDC591AFA622E00905A8C /* twOn.png in Resources */,
				9273EEC21AD9415B00D8540B /* change.mp3 in Resources */,
				9273EEC61AD9427D00D8540B /* talk.mp3 in Resources */,
				175CDC501AFA609900905A8C /* fbOff@2x.png in Resources */,
				9273EE9F1AD92DE300D8540B /* Main.storyboard in Resources */,
				9273EEA41AD92DE300D8540B /* LaunchScreen.xib in Resources */,
				9273EEC01AD9364300D8540B /* 0.png in Resources */,
				175CDC511AFA609900905A8C /* fbOn.png in Resources */,
				9273EEA11AD92DE300D8540B /* Images.xcassets in Resources */,
				175CDC4A1AF9EBA200905A8C /* 4.png in Resources */,
				9273EEBE1AD9363400D8540B /* 1.png in Resources */,
				175CDCAA1B01010200905A8C /* Screen Shot 2015-05-12 at 12.22.17 AM.png in Resources */,
				175CDC4F1AFA609900905A8C /* fbOff.png in Resources */,
				175CDC581AFA622E00905A8C /* twOff@2x.png in Resources */,
			);
			runOnlyForDeploymentPostprocessing = 0;
		};
/* End PBXResourcesBuildPhase section */

/* Begin PBXSourcesBuildPhase section */
		9273EE901AD92DE300D8540B /* Sources */ = {
			isa = PBXSourcesBuildPhase;
			buildActionMask = 2147483647;
			files = (
				9273EEC41AD9419400D8540B /* SEManager.swift in Sources */,
				9273EE9C1AD92DE300D8540B /* ViewController.swift in Sources */,
				9273EE9A1AD92DE300D8540B /* AppDelegate.swift in Sources */,
			);
			runOnlyForDeploymentPostprocessing = 0;
		};
/* End PBXSourcesBuildPhase section */

/* Begin PBXVariantGroup section */
		9273EE9D1AD92DE300D8540B /* Main.storyboard */ = {
			isa = PBXVariantGroup;
			children = (
				9273EE9E1AD92DE300D8540B /* Base */,
			);
			name = Main.storyboard;
			sourceTree = "<group>";
		};
		9273EEA21AD92DE300D8540B /* LaunchScreen.xib */ = {
			isa = PBXVariantGroup;
			children = (
				9273EEA31AD92DE300D8540B /* Base */,
			);
			name = LaunchScreen.xib;
			sourceTree = "<group>";
		};
/* End PBXVariantGroup section */

/* Begin XCBuildConfiguration section */
		9273EEB11AD92DE300D8540B /* Debug */ = {
			isa = XCBuildConfiguration;
			buildSettings = {
				ALWAYS_SEARCH_USER_PATHS = NO;
				CLANG_CXX_LANGUAGE_STANDARD = "gnu++0x";
				CLANG_CXX_LIBRARY = "libc++";
				CLANG_ENABLE_MODULES = YES;
				CLANG_ENABLE_OBJC_ARC = YES;
				CLANG_WARN_BOOL_CONVERSION = YES;
				CLANG_WARN_CONSTANT_CONVERSION = YES;
				CLANG_WARN_DIRECT_OBJC_ISA_USAGE = YES_ERROR;
				CLANG_WARN_EMPTY_BODY = YES;
				CLANG_WARN_ENUM_CONVERSION = YES;
				CLANG_WARN_INT_CONVERSION = YES;
				CLANG_WARN_OBJC_ROOT_CLASS = YES_ERROR;
				CLANG_WARN_UNREACHABLE_CODE = YES;
				CLANG_WARN__DUPLICATE_METHOD_MATCH = YES;
				"CODE_SIGN_IDENTITY[sdk=iphoneos*]" = "iPhone Developer";
				COPY_PHASE_STRIP = NO;
				DEBUG_INFORMATION_FORMAT = "dwarf-with-dsym";
				ENABLE_STRICT_OBJC_MSGSEND = YES;
				GCC_C_LANGUAGE_STANDARD = gnu99;
				GCC_DYNAMIC_NO_PIC = NO;
				GCC_NO_COMMON_BLOCKS = YES;
				GCC_OPTIMIZATION_LEVEL = 0;
				GCC_PREPROCESSOR_DEFINITIONS = (
					"DEBUG=1",
					"$(inherited)",
				);
				GCC_SYMBOLS_PRIVATE_EXTERN = NO;
				GCC_WARN_64_TO_32_BIT_CONVERSION = YES;
				GCC_WARN_ABOUT_RETURN_TYPE = YES_ERROR;
				GCC_WARN_UNDECLARED_SELECTOR = YES;
				GCC_WARN_UNINITIALIZED_AUTOS = YES_AGGRESSIVE;
				GCC_WARN_UNUSED_FUNCTION = YES;
				GCC_WARN_UNUSED_VARIABLE = YES;
				IPHONEOS_DEPLOYMENT_TARGET = 8.3;
				MTL_ENABLE_DEBUG_INFO = YES;
				ONLY_ACTIVE_ARCH = YES;
				SDKROOT = iphoneos;
				SWIFT_OPTIMIZATION_LEVEL = "-Onone";
			};
			name = Debug;
		};
		9273EEB21AD92DE300D8540B /* Release */ = {
			isa = XCBuildConfiguration;
			buildSettings = {
				ALWAYS_SEARCH_USER_PATHS = NO;
				CLANG_CXX_LANGUAGE_STANDARD = "gnu++0x";
				CLANG_CXX_LIBRARY = "libc++";
				CLANG_ENABLE_MODULES = YES;
				CLANG_ENABLE_OBJC_ARC = YES;
				CLANG_WARN_BOOL_CONVERSION = YES;
				CLANG_WARN_CONSTANT_CONVERSION = YES;
				CLANG_WARN_DIRECT_OBJC_ISA_USAGE = YES_ERROR;
				CLANG_WARN_EMPTY_BODY = YES;
				CLANG_WARN_ENUM_CONVERSION = YES;
				CLANG_WARN_INT_CONVERSION = YES;
				CLANG_WARN_OBJC_ROOT_CLASS = YES_ERROR;
				CLANG_WARN_UNREACHABLE_CODE = YES;
				CLANG_WARN__DUPLICATE_METHOD_MATCH = YES;
				"CODE_SIGN_IDENTITY[sdk=iphoneos*]" = "iPhone Developer";
				COPY_PHASE_STRIP = NO;
				DEBUG_INFORMATION_FORMAT = "dwarf-with-dsym";
				ENABLE_NS_ASSERTIONS = NO;
				ENABLE_STRICT_OBJC_MSGSEND = YES;
				GCC_C_LANGUAGE_STANDARD = gnu99;
				GCC_NO_COMMON_BLOCKS = YES;
				GCC_WARN_64_TO_32_BIT_CONVERSION = YES;
				GCC_WARN_ABOUT_RETURN_TYPE = YES_ERROR;
				GCC_WARN_UNDECLARED_SELECTOR = YES;
				GCC_WARN_UNINITIALIZED_AUTOS = YES_AGGRESSIVE;
				GCC_WARN_UNUSED_FUNCTION = YES;
				GCC_WARN_UNUSED_VARIABLE = YES;
				IPHONEOS_DEPLOYMENT_TARGET = 8.3;
				MTL_ENABLE_DEBUG_INFO = NO;
				SDKROOT = iphoneos;
				VALIDATE_PRODUCT = YES;
			};
			name = Release;
		};
		9273EEB41AD92DE300D8540B /* Debug */ = {
			isa = XCBuildConfiguration;
			buildSettings = {
				ASSETCATALOG_COMPILER_APPICON_NAME = AppIcon;
				INFOPLIST_FILE = BirdGrowth/Info.plist;
				IPHONEOS_DEPLOYMENT_TARGET = 8.0;
				LD_RUNPATH_SEARCH_PATHS = "$(inherited) @executable_path/Frameworks";
				PRODUCT_NAME = "$(TARGET_NAME)";
			};
			name = Debug;
		};
		9273EEB51AD92DE300D8540B /* Release */ = {
			isa = XCBuildConfiguration;
			buildSettings = {
				ASSETCATALOG_COMPILER_APPICON_NAME = AppIcon;
				INFOPLIST_FILE = BirdGrowth/Info.plist;
				IPHONEOS_DEPLOYMENT_TARGET = 8.0;
				LD_RUNPATH_SEARCH_PATHS = "$(inherited) @executable_path/Frameworks";
				PRODUCT_NAME = "$(TARGET_NAME)";
			};
			name = Release;
		};
/* End XCBuildConfiguration section */

/* Begin XCConfigurationList section */
		9273EE8F1AD92DE300D8540B /* Build configuration list for PBXProject "BirdGrowth" */ = {
			isa = XCConfigurationList;
			buildConfigurations = (
				9273EEB11AD92DE300D8540B /* Debug */,
				9273EEB21AD92DE300D8540B /* Release */,
			);
			defaultConfigurationIsVisible = 0;
			defaultConfigurationName = Release;
		};
		9273EEB31AD92DE300D8540B /* Build configuration list for PBXNativeTarget "BirdGrowth" */ = {
			isa = XCConfigurationList;
			buildConfigurations = (
				9273EEB41AD92DE300D8540B /* Debug */,
				9273EEB51AD92DE300D8540B /* Release */,
			);
			defaultConfigurationIsVisible = 0;
			defaultConfigurationName = Release;
		};
/* End XCConfigurationList section */
	};
	rootObject = 9273EE8C1AD92DE300D8540B /* Project object */;
}
